// !$*UTF8*$!
{
	archiveVersion = 1;
	classes = {
	};
	objectVersion = 46;
	objects = {

/* Begin PBXBuildFile section */
		153FCF671A1C635500373109 /* AppDelegate.swift in Sources */ = {isa = PBXBuildFile; fileRef = 153FCF661A1C635500373109 /* AppDelegate.swift */; };
		153FCF691A1C635500373109 /* ViewController.swift in Sources */ = {isa = PBXBuildFile; fileRef = 153FCF681A1C635500373109 /* ViewController.swift */; };
		153FCF6C1A1C635500373109 /* Main.storyboard in Resources */ = {isa = PBXBuildFile; fileRef = 153FCF6A1A1C635500373109 /* Main.storyboard */; };
		153FCF6E1A1C635500373109 /* Images.xcassets in Resources */ = {isa = PBXBuildFile; fileRef = 153FCF6D1A1C635500373109 /* Images.xcassets */; };
		153FCF711A1C635500373109 /* LaunchScreen.xib in Resources */ = {isa = PBXBuildFile; fileRef = 153FCF6F1A1C635500373109 /* LaunchScreen.xib */; };
		153FCF7D1A1C635500373109 /* Tracking3DTests.swift in Sources */ = {isa = PBXBuildFile; fileRef = 153FCF7C1A1C635500373109 /* Tracking3DTests.swift */; };
		159CA4D71A2EE938007F73B7 /* imshow.py in Resources */ = {isa = PBXBuildFile; fileRef = 159CA4B91A2EE938007F73B7 /* imshow.py */; };
		159CA4D81A2EE938007F73B7 /* io.swift in Sources */ = {isa = PBXBuildFile; fileRef = 159CA4BA1A2EE938007F73B7 /* io.swift */; };
		159CA4D91A2EE938007F73B7 /* machine_learning.swift in Sources */ = {isa = PBXBuildFile; fileRef = 159CA4BC1A2EE938007F73B7 /* machine_learning.swift */; };
		159CA4DA1A2EE938007F73B7 /* m-complex-math.swift in Sources */ = {isa = PBXBuildFile; fileRef = 159CA4BE1A2EE938007F73B7 /* m-complex-math.swift */; };
		159CA4DB1A2EE938007F73B7 /* m-helper-functions.swift in Sources */ = {isa = PBXBuildFile; fileRef = 159CA4BF1A2EE938007F73B7 /* m-helper-functions.swift */; };
		159CA4DC1A2EE938007F73B7 /* m-image.swift in Sources */ = {isa = PBXBuildFile; fileRef = 159CA4C01A2EE938007F73B7 /* m-image.swift */; };
		159CA4DD1A2EE938007F73B7 /* m-initing.swift in Sources */ = {isa = PBXBuildFile; fileRef = 159CA4C11A2EE938007F73B7 /* m-initing.swift */; };
		159CA4DE1A2EE938007F73B7 /* m-matrix.swift in Sources */ = {isa = PBXBuildFile; fileRef = 159CA4C21A2EE938007F73B7 /* m-matrix.swift */; };
		159CA4DF1A2EE938007F73B7 /* m-operators.swift in Sources */ = {isa = PBXBuildFile; fileRef = 159CA4C31A2EE938007F73B7 /* m-operators.swift */; };
		159CA4E01A2EE938007F73B7 /* m-simple-math.swift in Sources */ = {isa = PBXBuildFile; fileRef = 159CA4C41A2EE938007F73B7 /* m-simple-math.swift */; };
		159CA4E11A2EE938007F73B7 /* complex-math.swift in Sources */ = {isa = PBXBuildFile; fileRef = 159CA4C61A2EE938007F73B7 /* complex-math.swift */; };
		159CA4E21A2EE938007F73B7 /* helper-functions.swift in Sources */ = {isa = PBXBuildFile; fileRef = 159CA4C71A2EE938007F73B7 /* helper-functions.swift */; };
		159CA4E31A2EE938007F73B7 /* initing.swift in Sources */ = {isa = PBXBuildFile; fileRef = 159CA4C81A2EE938007F73B7 /* initing.swift */; };
		159CA4E41A2EE938007F73B7 /* ndarray.swift in Sources */ = {isa = PBXBuildFile; fileRef = 159CA4C91A2EE938007F73B7 /* ndarray.swift */; };
		159CA4E51A2EE938007F73B7 /* operators.swift in Sources */ = {isa = PBXBuildFile; fileRef = 159CA4CA1A2EE938007F73B7 /* operators.swift */; };
		159CA4E61A2EE938007F73B7 /* simple-math.swift in Sources */ = {isa = PBXBuildFile; fileRef = 159CA4CB1A2EE938007F73B7 /* simple-math.swift */; };
		159CA4E71A2EE938007F73B7 /* numbers.swift in Sources */ = {isa = PBXBuildFile; fileRef = 159CA4CC1A2EE938007F73B7 /* numbers.swift */; };
		159CA4E81A2EE938007F73B7 /* conversion.swift in Sources */ = {isa = PBXBuildFile; fileRef = 159CA4CE1A2EE938007F73B7 /* conversion.swift */; };
		159CA4E91A2EE938007F73B7 /* machine_learning.mm in Sources */ = {isa = PBXBuildFile; fileRef = 159CA4CF1A2EE938007F73B7 /* machine_learning.mm */; };
		159CA4EA1A2EE938007F73B7 /* math.m in Sources */ = {isa = PBXBuildFile; fileRef = 159CA4D01A2EE938007F73B7 /* math.m */; };
		159CA4EB1A2EE938007F73B7 /* opencv.mm in Sources */ = {isa = PBXBuildFile; fileRef = 159CA4D21A2EE938007F73B7 /* opencv.mm */; };
		159CA4EC1A2EE938007F73B7 /* opencv2.framework in Frameworks */ = {isa = PBXBuildFile; fileRef = 159CA4D31A2EE938007F73B7 /* opencv2.framework */; };
		159CA4ED1A2EE938007F73B7 /* operations-and-indexing.m in Sources */ = {isa = PBXBuildFile; fileRef = 159CA4D41A2EE938007F73B7 /* operations-and-indexing.m */; };
		159CA4EE1A2EE938007F73B7 /* ScalarArithmetic-bleed.swift in Sources */ = {isa = PBXBuildFile; fileRef = 159CA4D61A2EE938007F73B7 /* ScalarArithmetic-bleed.swift */; };
/* End PBXBuildFile section */

/* Begin PBXContainerItemProxy section */
		153FCF771A1C635500373109 /* PBXContainerItemProxy */ = {
			isa = PBXContainerItemProxy;
			containerPortal = 153FCF591A1C635500373109 /* Project object */;
			proxyType = 1;
			remoteGlobalIDString = 153FCF601A1C635500373109;
			remoteInfo = Tracking3D;
		};
/* End PBXContainerItemProxy section */

/* Begin PBXFileReference section */
		153FCF611A1C635500373109 /* Tracking3D.app */ = {isa = PBXFileReference; explicitFileType = wrapper.application; includeInIndex = 0; path = Tracking3D.app; sourceTree = BUILT_PRODUCTS_DIR; };
		153FCF651A1C635500373109 /* Info.plist */ = {isa = PBXFileReference; lastKnownFileType = text.plist.xml; path = Info.plist; sourceTree = "<group>"; };
		153FCF661A1C635500373109 /* AppDelegate.swift */ = {isa = PBXFileReference; lastKnownFileType = sourcecode.swift; path = AppDelegate.swift; sourceTree = "<group>"; };
		153FCF681A1C635500373109 /* ViewController.swift */ = {isa = PBXFileReference; lastKnownFileType = sourcecode.swift; path = ViewController.swift; sourceTree = "<group>"; };
		153FCF6B1A1C635500373109 /* Base */ = {isa = PBXFileReference; lastKnownFileType = file.storyboard; name = Base; path = Base.lproj/Main.storyboard; sourceTree = "<group>"; };
		153FCF6D1A1C635500373109 /* Images.xcassets */ = {isa = PBXFileReference; lastKnownFileType = folder.assetcatalog; path = Images.xcassets; sourceTree = "<group>"; };
		153FCF701A1C635500373109 /* Base */ = {isa = PBXFileReference; lastKnownFileType = file.xib; name = Base; path = Base.lproj/LaunchScreen.xib; sourceTree = "<group>"; };
		153FCF761A1C635500373109 /* Tracking3DTests.xctest */ = {isa = PBXFileReference; explicitFileType = wrapper.cfbundle; includeInIndex = 0; path = Tracking3DTests.xctest; sourceTree = BUILT_PRODUCTS_DIR; };
		153FCF7B1A1C635500373109 /* Info.plist */ = {isa = PBXFileReference; lastKnownFileType = text.plist.xml; path = Info.plist; sourceTree = "<group>"; };
		153FCF7C1A1C635500373109 /* Tracking3DTests.swift */ = {isa = PBXFileReference; lastKnownFileType = sourcecode.swift; path = Tracking3DTests.swift; sourceTree = "<group>"; };
		159CA4B91A2EE938007F73B7 /* imshow.py */ = {isa = PBXFileReference; fileEncoding = 4; lastKnownFileType = text.script.python; path = imshow.py; sourceTree = "<group>"; };
		159CA4BA1A2EE938007F73B7 /* io.swift */ = {isa = PBXFileReference; fileEncoding = 4; lastKnownFileType = sourcecode.swift; path = io.swift; sourceTree = "<group>"; };
		159CA4BC1A2EE938007F73B7 /* machine_learning.swift */ = {isa = PBXFileReference; fileEncoding = 4; lastKnownFileType = sourcecode.swift; path = machine_learning.swift; sourceTree = "<group>"; };
		159CA4BE1A2EE938007F73B7 /* m-complex-math.swift */ = {isa = PBXFileReference; fileEncoding = 4; lastKnownFileType = sourcecode.swift; path = "m-complex-math.swift"; sourceTree = "<group>"; };
		159CA4BF1A2EE938007F73B7 /* m-helper-functions.swift */ = {isa = PBXFileReference; fileEncoding = 4; lastKnownFileType = sourcecode.swift; path = "m-helper-functions.swift"; sourceTree = "<group>"; };
		159CA4C01A2EE938007F73B7 /* m-image.swift */ = {isa = PBXFileReference; fileEncoding = 4; lastKnownFileType = sourcecode.swift; path = "m-image.swift"; sourceTree = "<group>"; };
		159CA4C11A2EE938007F73B7 /* m-initing.swift */ = {isa = PBXFileReference; fileEncoding = 4; lastKnownFileType = sourcecode.swift; path = "m-initing.swift"; sourceTree = "<group>"; };
		159CA4C21A2EE938007F73B7 /* m-matrix.swift */ = {isa = PBXFileReference; fileEncoding = 4; lastKnownFileType = sourcecode.swift; path = "m-matrix.swift"; sourceTree = "<group>"; };
		159CA4C31A2EE938007F73B7 /* m-operators.swift */ = {isa = PBXFileReference; fileEncoding = 4; lastKnownFileType = sourcecode.swift; path = "m-operators.swift"; sourceTree = "<group>"; };
		159CA4C41A2EE938007F73B7 /* m-simple-math.swift */ = {isa = PBXFileReference; fileEncoding = 4; lastKnownFileType = sourcecode.swift; path = "m-simple-math.swift"; sourceTree = "<group>"; };
		159CA4C61A2EE938007F73B7 /* complex-math.swift */ = {isa = PBXFileReference; fileEncoding = 4; lastKnownFileType = sourcecode.swift; path = "complex-math.swift"; sourceTree = "<group>"; };
		159CA4C71A2EE938007F73B7 /* helper-functions.swift */ = {isa = PBXFileReference; fileEncoding = 4; lastKnownFileType = sourcecode.swift; path = "helper-functions.swift"; sourceTree = "<group>"; };
		159CA4C81A2EE938007F73B7 /* initing.swift */ = {isa = PBXFileReference; fileEncoding = 4; lastKnownFileType = sourcecode.swift; path = initing.swift; sourceTree = "<group>"; };
		159CA4C91A2EE938007F73B7 /* ndarray.swift */ = {isa = PBXFileReference; fileEncoding = 4; lastKnownFileType = sourcecode.swift; path = ndarray.swift; sourceTree = "<group>"; };
		159CA4CA1A2EE938007F73B7 /* operators.swift */ = {isa = PBXFileReference; fileEncoding = 4; lastKnownFileType = sourcecode.swift; path = operators.swift; sourceTree = "<group>"; };
		159CA4CB1A2EE938007F73B7 /* simple-math.swift */ = {isa = PBXFileReference; fileEncoding = 4; lastKnownFileType = sourcecode.swift; path = "simple-math.swift"; sourceTree = "<group>"; };
		159CA4CC1A2EE938007F73B7 /* numbers.swift */ = {isa = PBXFileReference; fileEncoding = 4; lastKnownFileType = sourcecode.swift; path = numbers.swift; sourceTree = "<group>"; };
		159CA4CE1A2EE938007F73B7 /* conversion.swift */ = {isa = PBXFileReference; fileEncoding = 4; lastKnownFileType = sourcecode.swift; path = conversion.swift; sourceTree = "<group>"; };
		159CA4CF1A2EE938007F73B7 /* machine_learning.mm */ = {isa = PBXFileReference; fileEncoding = 4; lastKnownFileType = sourcecode.cpp.objcpp; path = machine_learning.mm; sourceTree = "<group>"; };
		159CA4D01A2EE938007F73B7 /* math.m */ = {isa = PBXFileReference; fileEncoding = 4; lastKnownFileType = sourcecode.c.objc; path = math.m; sourceTree = "<group>"; };
		159CA4D11A2EE938007F73B7 /* OpenCV.h */ = {isa = PBXFileReference; fileEncoding = 4; lastKnownFileType = sourcecode.c.h; path = OpenCV.h; sourceTree = "<group>"; };
		159CA4D21A2EE938007F73B7 /* opencv.mm */ = {isa = PBXFileReference; fileEncoding = 4; lastKnownFileType = sourcecode.cpp.objcpp; path = opencv.mm; sourceTree = "<group>"; };
		159CA4D31A2EE938007F73B7 /* opencv2.framework */ = {isa = PBXFileReference; lastKnownFileType = wrapper.framework; path = opencv2.framework; sourceTree = "<group>"; };
		159CA4D41A2EE938007F73B7 /* operations-and-indexing.m */ = {isa = PBXFileReference; fileEncoding = 4; lastKnownFileType = sourcecode.c.objc; path = "operations-and-indexing.m"; sourceTree = "<group>"; };
		159CA4D51A2EE938007F73B7 /* swix-Bridging-Header.h */ = {isa = PBXFileReference; fileEncoding = 4; lastKnownFileType = sourcecode.c.h; path = "swix-Bridging-Header.h"; sourceTree = "<group>"; };
		159CA4D61A2EE938007F73B7 /* ScalarArithmetic-bleed.swift */ = {isa = PBXFileReference; fileEncoding = 4; lastKnownFileType = sourcecode.swift; path = "ScalarArithmetic-bleed.swift"; sourceTree = "<group>"; };
/* End PBXFileReference section */

/* Begin PBXFrameworksBuildPhase section */
		153FCF5E1A1C635500373109 /* Frameworks */ = {
			isa = PBXFrameworksBuildPhase;
			buildActionMask = 2147483647;
			files = (
				159CA4EC1A2EE938007F73B7 /* opencv2.framework in Frameworks */,
			);
			runOnlyForDeploymentPostprocessing = 0;
		};
		153FCF731A1C635500373109 /* Frameworks */ = {
			isa = PBXFrameworksBuildPhase;
			buildActionMask = 2147483647;
			files = (
			);
			runOnlyForDeploymentPostprocessing = 0;
		};
/* End PBXFrameworksBuildPhase section */

/* Begin PBXGroup section */
		153FCF581A1C635500373109 = {
			isa = PBXGroup;
			children = (
				153FCF631A1C635500373109 /* Tracking3D */,
				153FCF791A1C635500373109 /* Tracking3DTests */,
				153FCF621A1C635500373109 /* Products */,
			);
			sourceTree = "<group>";
		};
		153FCF621A1C635500373109 /* Products */ = {
			isa = PBXGroup;
			children = (
				153FCF611A1C635500373109 /* Tracking3D.app */,
				153FCF761A1C635500373109 /* Tracking3DTests.xctest */,
			);
			name = Products;
			sourceTree = "<group>";
		};
		153FCF631A1C635500373109 /* Tracking3D */ = {
			isa = PBXGroup;
			children = (
				159CA4B81A2EE938007F73B7 /* swix */,
				153FCF661A1C635500373109 /* AppDelegate.swift */,
				153FCF681A1C635500373109 /* ViewController.swift */,
				153FCF6A1A1C635500373109 /* Main.storyboard */,
				153FCF6D1A1C635500373109 /* Images.xcassets */,
				153FCF6F1A1C635500373109 /* LaunchScreen.xib */,
				153FCF641A1C635500373109 /* Supporting Files */,
			);
			path = Tracking3D;
			sourceTree = "<group>";
		};
		153FCF641A1C635500373109 /* Supporting Files */ = {
			isa = PBXGroup;
			children = (
				153FCF651A1C635500373109 /* Info.plist */,
			);
			name = "Supporting Files";
			sourceTree = "<group>";
		};
		153FCF791A1C635500373109 /* Tracking3DTests */ = {
			isa = PBXGroup;
			children = (
				153FCF7C1A1C635500373109 /* Tracking3DTests.swift */,
				153FCF7A1A1C635500373109 /* Supporting Files */,
			);
			path = Tracking3DTests;
			sourceTree = "<group>";
		};
		153FCF7A1A1C635500373109 /* Supporting Files */ = {
			isa = PBXGroup;
			children = (
				153FCF7B1A1C635500373109 /* Info.plist */,
			);
			name = "Supporting Files";
			sourceTree = "<group>";
		};
		159CA4B81A2EE938007F73B7 /* swix */ = {
			isa = PBXGroup;
			children = (
				159CA4B91A2EE938007F73B7 /* imshow.py */,
				159CA4BA1A2EE938007F73B7 /* io.swift */,
				159CA4BB1A2EE938007F73B7 /* machine_learning */,
				159CA4BD1A2EE938007F73B7 /* matrix */,
				159CA4C51A2EE938007F73B7 /* ndarray */,
				159CA4CC1A2EE938007F73B7 /* numbers.swift */,
				159CA4CD1A2EE938007F73B7 /* objc */,
				159CA4D61A2EE938007F73B7 /* ScalarArithmetic-bleed.swift */,
			);
			path = swix;
			sourceTree = "<group>";
		};
		159CA4BB1A2EE938007F73B7 /* machine_learning */ = {
			isa = PBXGroup;
			children = (
				159CA4BC1A2EE938007F73B7 /* machine_learning.swift */,
			);
			path = machine_learning;
			sourceTree = "<group>";
		};
		159CA4BD1A2EE938007F73B7 /* matrix */ = {
			isa = PBXGroup;
			children = (
				159CA4BE1A2EE938007F73B7 /* m-complex-math.swift */,
				159CA4BF1A2EE938007F73B7 /* m-helper-functions.swift */,
				159CA4C01A2EE938007F73B7 /* m-image.swift */,
				159CA4C11A2EE938007F73B7 /* m-initing.swift */,
				159CA4C21A2EE938007F73B7 /* m-matrix.swift */,
				159CA4C31A2EE938007F73B7 /* m-operators.swift */,
				159CA4C41A2EE938007F73B7 /* m-simple-math.swift */,
			);
			path = matrix;
			sourceTree = "<group>";
		};
		159CA4C51A2EE938007F73B7 /* ndarray */ = {
			isa = PBXGroup;
			children = (
				159CA4C61A2EE938007F73B7 /* complex-math.swift */,
				159CA4C71A2EE938007F73B7 /* helper-functions.swift */,
				159CA4C81A2EE938007F73B7 /* initing.swift */,
				159CA4C91A2EE938007F73B7 /* ndarray.swift */,
				159CA4CA1A2EE938007F73B7 /* operators.swift */,
				159CA4CB1A2EE938007F73B7 /* simple-math.swift */,
			);
			path = ndarray;
			sourceTree = "<group>";
		};
		159CA4CD1A2EE938007F73B7 /* objc */ = {
			isa = PBXGroup;
			children = (
				159CA4CE1A2EE938007F73B7 /* conversion.swift */,
				159CA4CF1A2EE938007F73B7 /* machine_learning.mm */,
				159CA4D01A2EE938007F73B7 /* math.m */,
				159CA4D11A2EE938007F73B7 /* OpenCV.h */,
				159CA4D21A2EE938007F73B7 /* opencv.mm */,
				159CA4D31A2EE938007F73B7 /* opencv2.framework */,
				159CA4D41A2EE938007F73B7 /* operations-and-indexing.m */,
				159CA4D51A2EE938007F73B7 /* swix-Bridging-Header.h */,
			);
			path = objc;
			sourceTree = "<group>";
		};
/* End PBXGroup section */

/* Begin PBXNativeTarget section */
		153FCF601A1C635500373109 /* Tracking3D */ = {
			isa = PBXNativeTarget;
			buildConfigurationList = 153FCF801A1C635500373109 /* Build configuration list for PBXNativeTarget "Tracking3D" */;
			buildPhases = (
				153FCF5D1A1C635500373109 /* Sources */,
				153FCF5E1A1C635500373109 /* Frameworks */,
				153FCF5F1A1C635500373109 /* Resources */,
			);
			buildRules = (
			);
			dependencies = (
			);
			name = Tracking3D;
			productName = Tracking3D;
			productReference = 153FCF611A1C635500373109 /* Tracking3D.app */;
			productType = "com.apple.product-type.application";
		};
		153FCF751A1C635500373109 /* Tracking3DTests */ = {
			isa = PBXNativeTarget;
			buildConfigurationList = 153FCF831A1C635500373109 /* Build configuration list for PBXNativeTarget "Tracking3DTests" */;
			buildPhases = (
				153FCF721A1C635500373109 /* Sources */,
				153FCF731A1C635500373109 /* Frameworks */,
				153FCF741A1C635500373109 /* Resources */,
			);
			buildRules = (
			);
			dependencies = (
				153FCF781A1C635500373109 /* PBXTargetDependency */,
			);
			name = Tracking3DTests;
			productName = Tracking3DTests;
			productReference = 153FCF761A1C635500373109 /* Tracking3DTests.xctest */;
			productType = "com.apple.product-type.bundle.unit-test";
		};
/* End PBXNativeTarget section */

/* Begin PBXProject section */
		153FCF591A1C635500373109 /* Project object */ = {
			isa = PBXProject;
			attributes = {
				LastUpgradeCheck = 0610;
				ORGANIZATIONNAME = tianshuanggao;
				TargetAttributes = {
					153FCF601A1C635500373109 = {
						CreatedOnToolsVersion = 6.1;
					};
					153FCF751A1C635500373109 = {
						CreatedOnToolsVersion = 6.1;
						TestTargetID = 153FCF601A1C635500373109;
					};
				};
			};
			buildConfigurationList = 153FCF5C1A1C635500373109 /* Build configuration list for PBXProject "Tracking3D" */;
			compatibilityVersion = "Xcode 3.2";
			developmentRegion = English;
			hasScannedForEncodings = 0;
			knownRegions = (
				en,
				Base,
			);
			mainGroup = 153FCF581A1C635500373109;
			productRefGroup = 153FCF621A1C635500373109 /* Products */;
			projectDirPath = "";
			projectRoot = "";
			targets = (
				153FCF601A1C635500373109 /* Tracking3D */,
				153FCF751A1C635500373109 /* Tracking3DTests */,
			);
		};
/* End PBXProject section */

/* Begin PBXResourcesBuildPhase section */
		153FCF5F1A1C635500373109 /* Resources */ = {
			isa = PBXResourcesBuildPhase;
			buildActionMask = 2147483647;
			files = (
				153FCF6C1A1C635500373109 /* Main.storyboard in Resources */,
				153FCF711A1C635500373109 /* LaunchScreen.xib in Resources */,
				153FCF6E1A1C635500373109 /* Images.xcassets in Resources */,
				159CA4D71A2EE938007F73B7 /* imshow.py in Resources */,
			);
			runOnlyForDeploymentPostprocessing = 0;
		};
		153FCF741A1C635500373109 /* Resources */ = {
			isa = PBXResourcesBuildPhase;
			buildActionMask = 2147483647;
			files = (
			);
			runOnlyForDeploymentPostprocessing = 0;
		};
/* End PBXResourcesBuildPhase section */

/* Begin PBXSourcesBuildPhase section */
		153FCF5D1A1C635500373109 /* Sources */ = {
			isa = PBXSourcesBuildPhase;
			buildActionMask = 2147483647;
			files = (
				159CA4E61A2EE938007F73B7 /* simple-math.swift in Sources */,
				159CA4E31A2EE938007F73B7 /* initing.swift in Sources */,
				153FCF691A1C635500373109 /* ViewController.swift in Sources */,
				159CA4E01A2EE938007F73B7 /* m-simple-math.swift in Sources */,
				159CA4DE1A2EE938007F73B7 /* m-matrix.swift in Sources */,
				159CA4DB1A2EE938007F73B7 /* m-helper-functions.swift in Sources */,
				159CA4ED1A2EE938007F73B7 /* operations-and-indexing.m in Sources */,
				159CA4DC1A2EE938007F73B7 /* m-image.swift in Sources */,
				159CA4EE1A2EE938007F73B7 /* ScalarArithmetic-bleed.swift in Sources */,
				159CA4E91A2EE938007F73B7 /* machine_learning.mm in Sources */,
				159CA4E41A2EE938007F73B7 /* ndarray.swift in Sources */,
				159CA4D91A2EE938007F73B7 /* machine_learning.swift in Sources */,
				159CA4E21A2EE938007F73B7 /* helper-functions.swift in Sources */,
				159CA4E51A2EE938007F73B7 /* operators.swift in Sources */,
				159CA4EA1A2EE938007F73B7 /* math.m in Sources */,
				159CA4DF1A2EE938007F73B7 /* m-operators.swift in Sources */,
				159CA4E71A2EE938007F73B7 /* numbers.swift in Sources */,
				159CA4D81A2EE938007F73B7 /* io.swift in Sources */,
				159CA4EB1A2EE938007F73B7 /* opencv.mm in Sources */,
				159CA4E11A2EE938007F73B7 /* complex-math.swift in Sources */,
				153FCF671A1C635500373109 /* AppDelegate.swift in Sources */,
				159CA4DD1A2EE938007F73B7 /* m-initing.swift in Sources */,
				159CA4E81A2EE938007F73B7 /* conversion.swift in Sources */,
				159CA4DA1A2EE938007F73B7 /* m-complex-math.swift in Sources */,
			);
			runOnlyForDeploymentPostprocessing = 0;
		};
		153FCF721A1C635500373109 /* Sources */ = {
			isa = PBXSourcesBuildPhase;
			buildActionMask = 2147483647;
			files = (
				153FCF7D1A1C635500373109 /* Tracking3DTests.swift in Sources */,
			);
			runOnlyForDeploymentPostprocessing = 0;
		};
/* End PBXSourcesBuildPhase section */

/* Begin PBXTargetDependency section */
		153FCF781A1C635500373109 /* PBXTargetDependency */ = {
			isa = PBXTargetDependency;
			target = 153FCF601A1C635500373109 /* Tracking3D */;
			targetProxy = 153FCF771A1C635500373109 /* PBXContainerItemProxy */;
		};
/* End PBXTargetDependency section */

/* Begin PBXVariantGroup section */
		153FCF6A1A1C635500373109 /* Main.storyboard */ = {
			isa = PBXVariantGroup;
			children = (
				153FCF6B1A1C635500373109 /* Base */,
			);
			name = Main.storyboard;
			sourceTree = "<group>";
		};
		153FCF6F1A1C635500373109 /* LaunchScreen.xib */ = {
			isa = PBXVariantGroup;
			children = (
				153FCF701A1C635500373109 /* Base */,
			);
			name = LaunchScreen.xib;
			sourceTree = "<group>";
		};
/* End PBXVariantGroup section */

/* Begin XCBuildConfiguration section */
		153FCF7E1A1C635500373109 /* Debug */ = {
			isa = XCBuildConfiguration;
			buildSettings = {
				ALWAYS_SEARCH_USER_PATHS = NO;
				CLANG_CXX_LANGUAGE_STANDARD = "gnu++0x";
				CLANG_CXX_LIBRARY = "libc++";
				CLANG_ENABLE_MODULES = YES;
				CLANG_ENABLE_OBJC_ARC = YES;
				CLANG_WARN_BOOL_CONVERSION = YES;
				CLANG_WARN_CONSTANT_CONVERSION = YES;
				CLANG_WARN_DIRECT_OBJC_ISA_USAGE = YES_ERROR;
				CLANG_WARN_EMPTY_BODY = YES;
				CLANG_WARN_ENUM_CONVERSION = YES;
				CLANG_WARN_INT_CONVERSION = YES;
				CLANG_WARN_OBJC_ROOT_CLASS = YES_ERROR;
				CLANG_WARN_UNREACHABLE_CODE = YES;
				CLANG_WARN__DUPLICATE_METHOD_MATCH = YES;
				"CODE_SIGN_IDENTITY[sdk=iphoneos*]" = "iPhone Developer";
				COPY_PHASE_STRIP = NO;
				ENABLE_STRICT_OBJC_MSGSEND = YES;
				GCC_C_LANGUAGE_STANDARD = gnu99;
				GCC_DYNAMIC_NO_PIC = NO;
				GCC_OPTIMIZATION_LEVEL = 0;
				GCC_PREPROCESSOR_DEFINITIONS = (
					"DEBUG=1",
					"$(inherited)",
				);
				GCC_SYMBOLS_PRIVATE_EXTERN = NO;
				GCC_WARN_64_TO_32_BIT_CONVERSION = YES;
				GCC_WARN_ABOUT_RETURN_TYPE = YES_ERROR;
				GCC_WARN_UNDECLARED_SELECTOR = YES;
				GCC_WARN_UNINITIALIZED_AUTOS = YES_AGGRESSIVE;
				GCC_WARN_UNUSED_FUNCTION = YES;
				GCC_WARN_UNUSED_VARIABLE = YES;
				IPHONEOS_DEPLOYMENT_TARGET = 8.1;
				MTL_ENABLE_DEBUG_INFO = YES;
				ONLY_ACTIVE_ARCH = YES;
				SDKROOT = iphoneos;
				SWIFT_OPTIMIZATION_LEVEL = "-Onone";
				TARGETED_DEVICE_FAMILY = "1,2";
			};
			name = Debug;
		};
		153FCF7F1A1C635500373109 /* Release */ = {
			isa = XCBuildConfiguration;
			buildSettings = {
				ALWAYS_SEARCH_USER_PATHS = NO;
				CLANG_CXX_LANGUAGE_STANDARD = "gnu++0x";
				CLANG_CXX_LIBRARY = "libc++";
				CLANG_ENABLE_MODULES = YES;
				CLANG_ENABLE_OBJC_ARC = YES;
				CLANG_WARN_BOOL_CONVERSION = YES;
				CLANG_WARN_CONSTANT_CONVERSION = YES;
				CLANG_WARN_DIRECT_OBJC_ISA_USAGE = YES_ERROR;
				CLANG_WARN_EMPTY_BODY = YES;
				CLANG_WARN_ENUM_CONVERSION = YES;
				CLANG_WARN_INT_CONVERSION = YES;
				CLANG_WARN_OBJC_ROOT_CLASS = YES_ERROR;
				CLANG_WARN_UNREACHABLE_CODE = YES;
				CLANG_WARN__DUPLICATE_METHOD_MATCH = YES;
				"CODE_SIGN_IDENTITY[sdk=iphoneos*]" = "iPhone Developer";
				COPY_PHASE_STRIP = YES;
				ENABLE_NS_ASSERTIONS = NO;
				ENABLE_STRICT_OBJC_MSGSEND = YES;
				GCC_C_LANGUAGE_STANDARD = gnu99;
				GCC_WARN_64_TO_32_BIT_CONVERSION = YES;
				GCC_WARN_ABOUT_RETURN_TYPE = YES_ERROR;
				GCC_WARN_UNDECLARED_SELECTOR = YES;
				GCC_WARN_UNINITIALIZED_AUTOS = YES_AGGRESSIVE;
				GCC_WARN_UNUSED_FUNCTION = YES;
				GCC_WARN_UNUSED_VARIABLE = YES;
				IPHONEOS_DEPLOYMENT_TARGET = 8.1;
				MTL_ENABLE_DEBUG_INFO = NO;
				SDKROOT = iphoneos;
				TARGETED_DEVICE_FAMILY = "1,2";
				VALIDATE_PRODUCT = YES;
			};
			name = Release;
		};
		153FCF811A1C635500373109 /* Debug */ = {
			isa = XCBuildConfiguration;
			buildSettings = {
				ASSETCATALOG_COMPILER_APPICON_NAME = AppIcon;
				FRAMEWORK_SEARCH_PATHS = (
					"$(inherited)",
					"$(PROJECT_DIR)/Tracking3D/swix/objc",
				);
				INFOPLIST_FILE = Tracking3D/Info.plist;
				LD_RUNPATH_SEARCH_PATHS = "$(inherited) @executable_path/Frameworks";
				PRODUCT_NAME = "$(TARGET_NAME)";
				"SWIFT_OBJC_BRIDGING_HEADER[arch=*]" = "Tracking3D/swix/objc/swix-Bridging-Header.h";
			};
			name = Debug;
		};
		153FCF821A1C635500373109 /* Release */ = {
			isa = XCBuildConfiguration;
			buildSettings = {
				ASSETCATALOG_COMPILER_APPICON_NAME = AppIcon;
				FRAMEWORK_SEARCH_PATHS = (
					"$(inherited)",
					"$(PROJECT_DIR)/Tracking3D/swix/objc",
				);
				INFOPLIST_FILE = Tracking3D/Info.plist;
				LD_RUNPATH_SEARCH_PATHS = "$(inherited) @executable_path/Frameworks";
				PRODUCT_NAME = "$(TARGET_NAME)";
			};
			name = Release;
		};
		153FCF841A1C635500373109 /* Debug */ = {
			isa = XCBuildConfiguration;
			buildSettings = {
				BUNDLE_LOADER = "$(TEST_HOST)";
				FRAMEWORK_SEARCH_PATHS = (
					"$(SDKROOT)/Developer/Library/Frameworks",
					"$(inherited)",
				);
				GCC_PREPROCESSOR_DEFINITIONS = (
					"DEBUG=1",
					"$(inherited)",
				);
				INFOPLIST_FILE = Tracking3DTests/Info.plist;
				LD_RUNPATH_SEARCH_PATHS = "$(inherited) @executable_path/Frameworks @loader_path/Frameworks";
				PRODUCT_NAME = "$(TARGET_NAME)";
				TEST_HOST = "$(BUILT_PRODUCTS_DIR)/Tracking3D.app/Tracking3D";
			};
			name = Debug;
		};
		153FCF851A1C635500373109 /* Release */ = {
			isa = XCBuildConfiguration;
			buildSettings = {
				BUNDLE_LOADER = "$(TEST_HOST)";
				FRAMEWORK_SEARCH_PATHS = (
					"$(SDKROOT)/Developer/Library/Frameworks",
					"$(inherited)",
				);
				INFOPLIST_FILE = Tracking3DTests/Info.plist;
				LD_RUNPATH_SEARCH_PATHS = "$(inherited) @executable_path/Frameworks @loader_path/Frameworks";
				PRODUCT_NAME = "$(TARGET_NAME)";
				TEST_HOST = "$(BUILT_PRODUCTS_DIR)/Tracking3D.app/Tracking3D";
			};
			name = Release;
		};
/* End XCBuildConfiguration section */

/* Begin XCConfigurationList section */
		153FCF5C1A1C635500373109 /* Build configuration list for PBXProject "Tracking3D" */ = {
			isa = XCConfigurationList;
			buildConfigurations = (
				153FCF7E1A1C635500373109 /* Debug */,
				153FCF7F1A1C635500373109 /* Release */,
			);
			defaultConfigurationIsVisible = 0;
			defaultConfigurationName = Release;
		};
		153FCF801A1C635500373109 /* Build configuration list for PBXNativeTarget "Tracking3D" */ = {
			isa = XCConfigurationList;
			buildConfigurations = (
				153FCF811A1C635500373109 /* Debug */,
				153FCF821A1C635500373109 /* Release */,
			);
			defaultConfigurationIsVisible = 0;
			defaultConfigurationName = Release;
		};
		153FCF831A1C635500373109 /* Build configuration list for PBXNativeTarget "Tracking3DTests" */ = {
			isa = XCConfigurationList;
			buildConfigurations = (
				153FCF841A1C635500373109 /* Debug */,
				153FCF851A1C635500373109 /* Release */,
			);
			defaultConfigurationIsVisible = 0;
			defaultConfigurationName = Release;
		};
/* End XCConfigurationList section */
	};
	rootObject = 153FCF591A1C635500373109 /* Project object */;
}
